{
  "name": "Originals",
  "lockfileVersion": 2,
  "requires": true,
  "packages": {
    "": {
      "dependencies": {
        "@openzeppelin/contracts": "^4.4.2",
        "@openzeppelin/contracts-upgradeable": "^4.4.2"
      }
    },
    "node_modules/@openzeppelin/contracts": {
      "version": "4.4.2",
      "resolved": "https://packages.vaudoise.ch:443/artifactory/api/npm/npm-repo/@openzeppelin/contracts/-/contracts-4.4.2.tgz",
      "integrity": "sha1-ToicnGbnNvfeGJpT+LpbjXiUJcI=",
      "license": "MIT"
    },
    "node_modules/@openzeppelin/contracts-upgradeable": {
      "version": "4.4.2",
      "resolved": "https://packages.vaudoise.ch:443/artifactory/api/npm/npm-repo/@openzeppelin/contracts-upgradeable/-/contracts-upgradeable-4.4.2.tgz",
      "integrity": "sha1-dIpZhqAlSO9UHKvCzoxnqJAETEA=",
      "license": "MIT"
    }
  },
  "dependencies": {
    "@openzeppelin/contracts": {
      "version": "4.4.2",
      "resolved": "https://packages.vaudoise.ch:443/artifactory/api/npm/npm-repo/@openzeppelin/contracts/-/contracts-4.4.2.tgz",
      "integrity": "sha1-ToicnGbnNvfeGJpT+LpbjXiUJcI="
    },
    "@openzeppelin/contracts-upgradeable": {
      "version": "4.4.2",
      "resolved": "https://packages.vaudoise.ch:443/artifactory/api/npm/npm-repo/@openzeppelin/contracts-upgradeable/-/contracts-upgradeable-4.4.2.tgz",
      "integrity": "sha1-dIpZhqAlSO9UHKvCzoxnqJAETEA="
    }
  }
}
